Microsoft Visual Studio Solution File, Format Version 11.00
# Visual Studio 2019

Project("{8BC9CEB8-8B4A-11D0-8D11-00A0C91BC942}") = "Practice Project - Standalone Plugin", "Practice Project_StandalonePlugin.vcxproj", "{A32F21C5-9B55-54ED-8CED-3A7EA628DFE6}"
	ProjectSection(ProjectDependencies) = postProject
		{BABE3D13-A015-487C-3DC8-D9C05BF29783} = {BABE3D13-A015-487C-3DC8-D9C05BF29783}
	EndProjectSection
EndProject
Project("{8BC9CEB8-8B4A-11D0-8D11-00A0C91BC942}") = "Practice Project - VST3", "Practice Project_VST3.vcxproj", "{14788B1C-DF71-9045-3F61-028539BFDD47}"
	ProjectSection(ProjectDependencies) = postProject
		{BABE3D13-A015-487C-3DC8-D9C05BF29783} = {BABE3D13-A015-487C-3DC8-D9C05BF29783}
	EndProjectSection
EndProject
Project("{8BC9CEB8-8B4A-11D0-8D11-00A0C91BC942}") = "Practice Project - Shared Code", "Practice Project_SharedCode.vcxproj", "{BABE3D13-A015-487C-3DC8-D9C05BF29783}"
EndProject
Global
	GlobalSection(SolutionConfigurationPlatforms) = preSolution
		Debug|x64 = Debug|x64
		Release|x64 = Release|x64
		Build Configuration|x64 = Build Configuration|x64
	EndGlobalSection
	GlobalSection(ProjectConfigurationPlatforms) = postSolution
		{14788B1C-DF71-9045-3F61-028539BFDD47}.Debug|x64.ActiveCfg = Debug|x64
		{14788B1C-DF71-9045-3F61-028539BFDD47}.Debug|x64.Build.0 = Debug|x64
		{14788B1C-DF71-9045-3F61-028539BFDD47}.Release|x64.ActiveCfg = Release|x64
		{14788B1C-DF71-9045-3F61-028539BFDD47}.Release|x64.Build.0 = Release|x64
		{14788B1C-DF71-9045-3F61-028539BFDD47}.Build Configuration|x64.ActiveCfg = Build Configuration|x64
		{14788B1C-DF71-9045-3F61-028539BFDD47}.Build Configuration|x64.Build.0 = Build Configuration|x64
		{A32F21C5-9B55-54ED-8CED-3A7EA628DFE6}.Debug|x64.ActiveCfg = Debug|x64
		{A32F21C5-9B55-54ED-8CED-3A7EA628DFE6}.Debug|x64.Build.0 = Debug|x64
		{A32F21C5-9B55-54ED-8CED-3A7EA628DFE6}.Release|x64.ActiveCfg = Release|x64
		{A32F21C5-9B55-54ED-8CED-3A7EA628DFE6}.Release|x64.Build.0 = Release|x64
		{A32F21C5-9B55-54ED-8CED-3A7EA628DFE6}.Build Configuration|x64.ActiveCfg = Build Configuration|x64
		{A32F21C5-9B55-54ED-8CED-3A7EA628DFE6}.Build Configuration|x64.Build.0 = Build Configuration|x64
		{BABE3D13-A015-487C-3DC8-D9C05BF29783}.Debug|x64.ActiveCfg = Debug|x64
		{BABE3D13-A015-487C-3DC8-D9C05BF29783}.Debug|x64.Build.0 = Debug|x64
		{BABE3D13-A015-487C-3DC8-D9C05BF29783}.Release|x64.ActiveCfg = Release|x64
		{BABE3D13-A015-487C-3DC8-D9C05BF29783}.Release|x64.Build.0 = Release|x64
		{BABE3D13-A015-487C-3DC8-D9C05BF29783}.Build Configuration|x64.ActiveCfg = Build Configuration|x64
		{BABE3D13-A015-487C-3DC8-D9C05BF29783}.Build Configuration|x64.Build.0 = Build Configuration|x64
	EndGlobalSection
	GlobalSection(SolutionProperties) = preSolution
		HideSolutionNode = FALSE
	EndGlobalSection
EndGlobal
